
Microsoft Visual Studio Solution File, Format Version 12.00
# Visual Studio Version 16
VisualStudioVersion = 16.0.30204.135
MinimumVisualStudioVersion = 10.0.40219.1
Project("{FAE04EC0-301F-11D3-BF4B-00C04F79EFBC}") = "MoneyManagement.Android", "MoneyManagement\MoneyManagement.Android\MoneyManagement.Android.csproj", "{A5AA0FC7-888D-4CF8-99D1-5049A7F97186}"
	ProjectSection(ProjectDependencies) = postProject
		{7315342D-588B-4FFA-9187-CB2B3645B81B} = {7315342D-588B-4FFA-9187-CB2B3645B81B}
	EndProjectSection
EndProject
Project("{FAE04EC0-301F-11D3-BF4B-00C04F79EFBC}") = "MoneyManagement.iOS", "MoneyManagement\MoneyManagement.iOS\MoneyManagement.iOS.csproj", "{7315342D-588B-4FFA-9187-CB2B3645B81B}"
EndProject
Project("{9A19103F-16F7-4668-BE54-9A1E7A4F7556}") = "MoneyManagement", "MoneyManagement\MoneyManagement\MoneyManagement.csproj", "{91675B30-C3B8-4EE4-9C59-9BC00B2CA820}"
EndProject
Global
	GlobalSection(SolutionConfigurationPlatforms) = preSolution
		Debug|Any CPU = Debug|Any CPU
		Debug|iPhone = Debug|iPhone
		Debug|iPhoneSimulator = Debug|iPhoneSimulator
		Release|Any CPU = Release|Any CPU
		Release|iPhone = Release|iPhone
		Release|iPhoneSimulator = Release|iPhoneSimulator
	EndGlobalSection
	GlobalSection(ProjectConfigurationPlatforms) = postSolution
		{A5AA0FC7-888D-4CF8-99D1-5049A7F97186}.Debug|Any CPU.ActiveCfg = Debug|Any CPU
		{A5AA0FC7-888D-4CF8-99D1-5049A7F97186}.Debug|Any CPU.Build.0 = Debug|Any CPU
		{A5AA0FC7-888D-4CF8-99D1-5049A7F97186}.Debug|Any CPU.Deploy.0 = Debug|Any CPU
		{A5AA0FC7-888D-4CF8-99D1-5049A7F97186}.Debug|iPhone.ActiveCfg = Debug|Any CPU
		{A5AA0FC7-888D-4CF8-99D1-5049A7F97186}.Debug|iPhone.Build.0 = Debug|Any CPU
		{A5AA0FC7-888D-4CF8-99D1-5049A7F97186}.Debug|iPhone.Deploy.0 = Debug|Any CPU
		{A5AA0FC7-888D-4CF8-99D1-5049A7F97186}.Debug|iPhoneSimulator.ActiveCfg = Debug|Any CPU
		{A5AA0FC7-888D-4CF8-99D1-5049A7F97186}.Debug|iPhoneSimulator.Build.0 = Debug|Any CPU
		{A5AA0FC7-888D-4CF8-99D1-5049A7F97186}.Debug|iPhoneSimulator.Deploy.0 = Debug|Any CPU
		{A5AA0FC7-888D-4CF8-99D1-5049A7F97186}.Release|Any CPU.ActiveCfg = Release|Any CPU
		{A5AA0FC7-888D-4CF8-99D1-5049A7F97186}.Release|Any CPU.Build.0 = Release|Any CPU
		{A5AA0FC7-888D-4CF8-99D1-5049A7F97186}.Release|Any CPU.Deploy.0 = Release|Any CPU
		{A5AA0FC7-888D-4CF8-99D1-5049A7F97186}.Release|iPhone.ActiveCfg = Release|Any CPU
		{A5AA0FC7-888D-4CF8-99D1-5049A7F97186}.Release|iPhone.Build.0 = Release|Any CPU
		{A5AA0FC7-888D-4CF8-99D1-5049A7F97186}.Release|iPhone.Deploy.0 = Release|Any CPU
		{A5AA0FC7-888D-4CF8-99D1-5049A7F97186}.Release|iPhoneSimulator.ActiveCfg = Release|Any CPU
		{A5AA0FC7-888D-4CF8-99D1-5049A7F97186}.Release|iPhoneSimulator.Build.0 = Release|Any CPU
		{A5AA0FC7-888D-4CF8-99D1-5049A7F97186}.Release|iPhoneSimulator.Deploy.0 = Release|Any CPU
		{7315342D-588B-4FFA-9187-CB2B3645B81B}.Debug|Any CPU.ActiveCfg = Debug|iPhone
		{7315342D-588B-4FFA-9187-CB2B3645B81B}.Debug|Any CPU.Build.0 = Debug|iPhone
		{7315342D-588B-4FFA-9187-CB2B3645B81B}.Debug|Any CPU.Deploy.0 = Debug|iPhone
		{7315342D-588B-4FFA-9187-CB2B3645B81B}.Debug|iPhone.ActiveCfg = Debug|iPhone
		{7315342D-588B-4FFA-9187-CB2B3645B81B}.Debug|iPhone.Build.0 = Debug|iPhone
		{7315342D-588B-4FFA-9187-CB2B3645B81B}.Debug|iPhone.Deploy.0 = Debug|iPhone
		{7315342D-588B-4FFA-9187-CB2B3645B81B}.Debug|iPhoneSimulator.ActiveCfg = Debug|iPhoneSimulator
		{7315342D-588B-4FFA-9187-CB2B3645B81B}.Debug|iPhoneSimulator.Build.0 = Debug|iPhoneSimulator
		{7315342D-588B-4FFA-9187-CB2B3645B81B}.Debug|iPhoneSimulator.Deploy.0 = Debug|iPhoneSimulator
		{7315342D-588B-4FFA-9187-CB2B3645B81B}.Release|Any CPU.ActiveCfg = Release|iPhone
		{7315342D-588B-4FFA-9187-CB2B3645B81B}.Release|Any CPU.Build.0 = Release|iPhone
		{7315342D-588B-4FFA-9187-CB2B3645B81B}.Release|Any CPU.Deploy.0 = Release|iPhone
		{7315342D-588B-4FFA-9187-CB2B3645B81B}.Release|iPhone.ActiveCfg = Release|iPhone
		{7315342D-588B-4FFA-9187-CB2B3645B81B}.Release|iPhone.Build.0 = Release|iPhone
		{7315342D-588B-4FFA-9187-CB2B3645B81B}.Release|iPhone.Deploy.0 = Release|iPhone
		{7315342D-588B-4FFA-9187-CB2B3645B81B}.Release|iPhoneSimulator.ActiveCfg = Release|iPhoneSimulator
		{7315342D-588B-4FFA-9187-CB2B3645B81B}.Release|iPhoneSimulator.Build.0 = Release|iPhoneSimulator
		{7315342D-588B-4FFA-9187-CB2B3645B81B}.Release|iPhoneSimulator.Deploy.0 = Release|iPhoneSimulator
		{91675B30-C3B8-4EE4-9C59-9BC00B2CA820}.Debug|Any CPU.ActiveCfg = Debug|Any CPU
		{91675B30-C3B8-4EE4-9C59-9BC00B2CA820}.Debug|Any CPU.Build.0 = Debug|Any CPU
		{91675B30-C3B8-4EE4-9C59-9BC00B2CA820}.Debug|Any CPU.Deploy.0 = Debug|Any CPU
		{91675B30-C3B8-4EE4-9C59-9BC00B2CA820}.Debug|iPhone.ActiveCfg = Debug|Any CPU
		{91675B30-C3B8-4EE4-9C59-9BC00B2CA820}.Debug|iPhone.Build.0 = Debug|Any CPU
		{91675B30-C3B8-4EE4-9C59-9BC00B2CA820}.Debug|iPhone.Deploy.0 = Debug|Any CPU
		{91675B30-C3B8-4EE4-9C59-9BC00B2CA820}.Debug|iPhoneSimulator.ActiveCfg = Debug|Any CPU
		{91675B30-C3B8-4EE4-9C59-9BC00B2CA820}.Debug|iPhoneSimulator.Build.0 = Debug|Any CPU
		{91675B30-C3B8-4EE4-9C59-9BC00B2CA820}.Debug|iPhoneSimulator.Deploy.0 = Debug|Any CPU
		{91675B30-C3B8-4EE4-9C59-9BC00B2CA820}.Release|Any CPU.ActiveCfg = Release|Any CPU
		{91675B30-C3B8-4EE4-9C59-9BC00B2CA820}.Release|Any CPU.Build.0 = Release|Any CPU
		{91675B30-C3B8-4EE4-9C59-9BC00B2CA820}.Release|Any CPU.Deploy.0 = Release|Any CPU
		{91675B30-C3B8-4EE4-9C59-9BC00B2CA820}.Release|iPhone.ActiveCfg = Release|Any CPU
		{91675B30-C3B8-4EE4-9C59-9BC00B2CA820}.Release|iPhone.Build.0 = Release|Any CPU
		{91675B30-C3B8-4EE4-9C59-9BC00B2CA820}.Release|iPhone.Deploy.0 = Release|Any CPU
		{91675B30-C3B8-4EE4-9C59-9BC00B2CA820}.Release|iPhoneSimulator.ActiveCfg = Release|Any CPU
		{91675B30-C3B8-4EE4-9C59-9BC00B2CA820}.Release|iPhoneSimulator.Build.0 = Release|Any CPU
		{91675B30-C3B8-4EE4-9C59-9BC00B2CA820}.Release|iPhoneSimulator.Deploy.0 = Release|Any CPU
	EndGlobalSection
	GlobalSection(SolutionProperties) = preSolution
		HideSolutionNode = FALSE
	EndGlobalSection
	GlobalSection(ExtensibilityGlobals) = postSolution
		SolutionGuid = {7D5060BB-CFF5-404C-90BA-0D1E4DEC6D76}
	EndGlobalSection
EndGlobal
